
Microsoft Visual Studio Solution File, Format Version 12.00
# Visual Studio Version 17
VisualStudioVersion = 17.14.36202.13
MinimumVisualStudioVersion = 10.0.40219.1
Project("{FAE04EC0-301F-11D3-BF4B-00C04F79EFBC}") = "SpendCent.API", "SpendCent.API\SpendCent.API.csproj", "{FA32FE7A-0C02-4298-A7CE-4E9B0A21EFD7}"
EndProject
Project("{FAE04EC0-301F-11D3-BF4B-00C04F79EFBC}") = "SpendCent.Infrastructure", "SpendCent.Infrastructure\SpendCent.Infrastructure.csproj", "{272F0437-CAAA-46B9-9AC6-E1EA344C5003}"
EndProject
Project("{FAE04EC0-301F-11D3-BF4B-00C04F79EFBC}") = "SpendCent.Core", "SpendCent.Core\SpendCent.Core.csproj", "{99B04B3D-6251-4205-A4DC-A1BB5A8FF2D0}"
EndProject
Global
	GlobalSection(SolutionConfigurationPlatforms) = preSolution
		Debug|Any CPU = Debug|Any CPU
		Release|Any CPU = Release|Any CPU
	EndGlobalSection
	GlobalSection(ProjectConfigurationPlatforms) = postSolution
		{FA32FE7A-0C02-4298-A7CE-4E9B0A21EFD7}.Debug|Any CPU.ActiveCfg = Debug|Any CPU
		{FA32FE7A-0C02-4298-A7CE-4E9B0A21EFD7}.Debug|Any CPU.Build.0 = Debug|Any CPU
		{FA32FE7A-0C02-4298-A7CE-4E9B0A21EFD7}.Release|Any CPU.ActiveCfg = Release|Any CPU
		{FA32FE7A-0C02-4298-A7CE-4E9B0A21EFD7}.Release|Any CPU.Build.0 = Release|Any CPU
		{272F0437-CAAA-46B9-9AC6-E1EA344C5003}.Debug|Any CPU.ActiveCfg = Debug|Any CPU
		{272F0437-CAAA-46B9-9AC6-E1EA344C5003}.Debug|Any CPU.Build.0 = Debug|Any CPU
		{272F0437-CAAA-46B9-9AC6-E1EA344C5003}.Release|Any CPU.ActiveCfg = Release|Any CPU
		{272F0437-CAAA-46B9-9AC6-E1EA344C5003}.Release|Any CPU.Build.0 = Release|Any CPU
		{99B04B3D-6251-4205-A4DC-A1BB5A8FF2D0}.Debug|Any CPU.ActiveCfg = Debug|Any CPU
		{99B04B3D-6251-4205-A4DC-A1BB5A8FF2D0}.Debug|Any CPU.Build.0 = Debug|Any CPU
		{99B04B3D-6251-4205-A4DC-A1BB5A8FF2D0}.Release|Any CPU.ActiveCfg = Release|Any CPU
		{99B04B3D-6251-4205-A4DC-A1BB5A8FF2D0}.Release|Any CPU.Build.0 = Release|Any CPU
	EndGlobalSection
	GlobalSection(SolutionProperties) = preSolution
		HideSolutionNode = FALSE
	EndGlobalSection
	GlobalSection(ExtensibilityGlobals) = postSolution
		SolutionGuid = {686991FB-B7C7-4466-A054-9698CE4DA424}
	EndGlobalSection
EndGlobal
